
Microsoft Visual Studio Solution File, Format Version 12.00
# Visual Studio Version 17
VisualStudioVersion = 17.0.31903.59
MinimumVisualStudioVersion = 10.0.40219.1
Project("{2150E333-8FDC-42A3-9474-1A3956D46DE8}") = "src", "src", "{12E22F35-92CC-4F0E-812A-C7441C4EE644}"
EndProject
Project("{FAE04EC0-301F-11D3-BF4B-00C04F79EFBC}") = "CodeDiffPrompt.Web", "src\CodeDiffPrompt.Web\CodeDiffPrompt.Web.csproj", "{D3C0CBA5-AFFB-498C-8BE5-27CC0045DC0C}"
EndProject
Global
	GlobalSection(SolutionConfigurationPlatforms) = preSolution
		Debug|Any CPU = Debug|Any CPU
		Release|Any CPU = Release|Any CPU
	EndGlobalSection
	GlobalSection(SolutionProperties) = preSolution
		HideSolutionNode = FALSE
	EndGlobalSection
	GlobalSection(ProjectConfigurationPlatforms) = postSolution
		{D3C0CBA5-AFFB-498C-8BE5-27CC0045DC0C}.Debug|Any CPU.ActiveCfg = Debug|Any CPU
		{D3C0CBA5-AFFB-498C-8BE5-27CC0045DC0C}.Debug|Any CPU.Build.0 = Debug|Any CPU
		{D3C0CBA5-AFFB-498C-8BE5-27CC0045DC0C}.Release|Any CPU.ActiveCfg = Release|Any CPU
		{D3C0CBA5-AFFB-498C-8BE5-27CC0045DC0C}.Release|Any CPU.Build.0 = Release|Any CPU
	EndGlobalSection
	GlobalSection(NestedProjects) = preSolution
		{D3C0CBA5-AFFB-498C-8BE5-27CC0045DC0C} = {12E22F35-92CC-4F0E-812A-C7441C4EE644}
	EndGlobalSection
EndGlobal
